
Microsoft Visual Studio Solution File, Format Version 12.00
# Visual Studio Version 17
VisualStudioVersion = 17.4.33213.308
MinimumVisualStudioVersion = 10.0.40219.1
Project("{FAE04EC0-301F-11D3-BF4B-00C04F79EFBC}") = "UnicornCompany2", "UnicornCompany2\UnicornCompany2.csproj", "{D4880032-A605-4C49-B260-0171754ED8C3}"
EndProject
Project("{FAE04EC0-301F-11D3-BF4B-00C04F79EFBC}") = "Database", "Database\Database.csproj", "{9AD8FFA7-389F-4FDC-84F3-6BECB4BA2AB5}"
EndProject
Global
	GlobalSection(SolutionConfigurationPlatforms) = preSolution
		Debug|Any CPU = Debug|Any CPU
		Release|Any CPU = Release|Any CPU
	EndGlobalSection
	GlobalSection(ProjectConfigurationPlatforms) = postSolution
		{D4880032-A605-4C49-B260-0171754ED8C3}.Debug|Any CPU.ActiveCfg = Debug|Any CPU
		{D4880032-A605-4C49-B260-0171754ED8C3}.Debug|Any CPU.Build.0 = Debug|Any CPU
		{D4880032-A605-4C49-B260-0171754ED8C3}.Release|Any CPU.ActiveCfg = Release|Any CPU
		{D4880032-A605-4C49-B260-0171754ED8C3}.Release|Any CPU.Build.0 = Release|Any CPU
		{9AD8FFA7-389F-4FDC-84F3-6BECB4BA2AB5}.Debug|Any CPU.ActiveCfg = Debug|Any CPU
		{9AD8FFA7-389F-4FDC-84F3-6BECB4BA2AB5}.Debug|Any CPU.Build.0 = Debug|Any CPU
		{9AD8FFA7-389F-4FDC-84F3-6BECB4BA2AB5}.Release|Any CPU.ActiveCfg = Release|Any CPU
		{9AD8FFA7-389F-4FDC-84F3-6BECB4BA2AB5}.Release|Any CPU.Build.0 = Release|Any CPU
	EndGlobalSection
	GlobalSection(SolutionProperties) = preSolution
		HideSolutionNode = FALSE
	EndGlobalSection
	GlobalSection(ExtensibilityGlobals) = postSolution
		SolutionGuid = {1B785237-834E-41FC-822F-3F768AF3E486}
	EndGlobalSection
EndGlobal
